
Microsoft Visual Studio Solution File, Format Version 12.00
# Visual Studio 15
Project("{FAE04EC0-301F-11D3-BF4B-00C04F79EFBC}") = "Assembly-CSharp", "Assembly-CSharp.csproj", "{644158F3-F239-86B3-4AD4-1F98647292FC}"
EndProject
Project("{FAE04EC0-301F-11D3-BF4B-00C04F79EFBC}") = "Unity.2D.Animation.Samples.Runtime", "Unity.2D.Animation.Samples.Runtime.csproj", "{C2AF0AEB-23F5-A374-4EC9-7E449BD7F72E}"
EndProject
Project("{FAE04EC0-301F-11D3-BF4B-00C04F79EFBC}") = "Unity.2D.Animation.Samples.Dependency", "Unity.2D.Animation.Samples.Dependency.csproj", "{8FFA2334-FC0F-A5C7-8534-286E76F6372B}"
EndProject
Project("{FAE04EC0-301F-11D3-BF4B-00C04F79EFBC}") = "Unity.2D.Animation.Samples.Editor", "Unity.2D.Animation.Samples.Editor.csproj", "{8ABC2F26-A8E1-50A1-7277-77E2B27543D1}"
EndProject
Global
	GlobalSection(SolutionConfigurationPlatforms) = preSolution
		Debug|Any CPU = Debug|Any CPU
		Release|Any CPU = Release|Any CPU
	EndGlobalSection
	GlobalSection(ProjectConfigurationPlatforms) = postSolution
		{644158F3-F239-86B3-4AD4-1F98647292FC}.Debug|Any CPU.ActiveCfg = Debug|Any CPU
		{644158F3-F239-86B3-4AD4-1F98647292FC}.Debug|Any CPU.Build.0 = Debug|Any CPU
		{644158F3-F239-86B3-4AD4-1F98647292FC}.Release|Any CPU.ActiveCfg = Release|Any CPU
		{644158F3-F239-86B3-4AD4-1F98647292FC}.Release|Any CPU.Build.0 = Release|Any CPU
		{C2AF0AEB-23F5-A374-4EC9-7E449BD7F72E}.Debug|Any CPU.ActiveCfg = Debug|Any CPU
		{C2AF0AEB-23F5-A374-4EC9-7E449BD7F72E}.Debug|Any CPU.Build.0 = Debug|Any CPU
		{C2AF0AEB-23F5-A374-4EC9-7E449BD7F72E}.Release|Any CPU.ActiveCfg = Release|Any CPU
		{C2AF0AEB-23F5-A374-4EC9-7E449BD7F72E}.Release|Any CPU.Build.0 = Release|Any CPU
		{8FFA2334-FC0F-A5C7-8534-286E76F6372B}.Debug|Any CPU.ActiveCfg = Debug|Any CPU
		{8FFA2334-FC0F-A5C7-8534-286E76F6372B}.Debug|Any CPU.Build.0 = Debug|Any CPU
		{8FFA2334-FC0F-A5C7-8534-286E76F6372B}.Release|Any CPU.ActiveCfg = Release|Any CPU
		{8FFA2334-FC0F-A5C7-8534-286E76F6372B}.Release|Any CPU.Build.0 = Release|Any CPU
		{8ABC2F26-A8E1-50A1-7277-77E2B27543D1}.Debug|Any CPU.ActiveCfg = Debug|Any CPU
		{8ABC2F26-A8E1-50A1-7277-77E2B27543D1}.Debug|Any CPU.Build.0 = Debug|Any CPU
		{8ABC2F26-A8E1-50A1-7277-77E2B27543D1}.Release|Any CPU.ActiveCfg = Release|Any CPU
		{8ABC2F26-A8E1-50A1-7277-77E2B27543D1}.Release|Any CPU.Build.0 = Release|Any CPU
	EndGlobalSection
	GlobalSection(SolutionProperties) = preSolution
		HideSolutionNode = FALSE
	EndGlobalSection
EndGlobal
